// !$*UTF8*$!
{
	archiveVersion = 1;
	classes = {
	};
	objectVersion = 48;
	objects = {

/* Begin PBXBuildFile section */
		75A0C8F62026FB35002BF704 /* AppDelegate.swift in Sources */ = {isa = PBXBuildFile; fileRef = 75A0C8F52026FB35002BF704 /* AppDelegate.swift */; };
		75A0C8F82026FB35002BF704 /* ViewController.swift in Sources */ = {isa = PBXBuildFile; fileRef = 75A0C8F72026FB35002BF704 /* ViewController.swift */; };
		75A0C8FB2026FB35002BF704 /* Main.storyboard in Resources */ = {isa = PBXBuildFile; fileRef = 75A0C8F92026FB35002BF704 /* Main.storyboard */; };
		75A0C8FE2026FB35002BF704 /* PokeGym.xcdatamodeld in Sources */ = {isa = PBXBuildFile; fileRef = 75A0C8FC2026FB35002BF704 /* PokeGym.xcdatamodeld */; };
		75A0C9002026FB35002BF704 /* Assets.xcassets in Resources */ = {isa = PBXBuildFile; fileRef = 75A0C8FF2026FB35002BF704 /* Assets.xcassets */; };
		75A0C9032026FB35002BF704 /* LaunchScreen.storyboard in Resources */ = {isa = PBXBuildFile; fileRef = 75A0C9012026FB35002BF704 /* LaunchScreen.storyboard */; };
/* End PBXBuildFile section */

/* Begin PBXFileReference section */
		75A0C8F22026FB34002BF704 /* PokeGym.app */ = {isa = PBXFileReference; explicitFileType = wrapper.application; includeInIndex = 0; path = PokeGym.app; sourceTree = BUILT_PRODUCTS_DIR; };
		75A0C8F52026FB35002BF704 /* AppDelegate.swift */ = {isa = PBXFileReference; lastKnownFileType = sourcecode.swift; path = AppDelegate.swift; sourceTree = "<group>"; };
		75A0C8F72026FB35002BF704 /* ViewController.swift */ = {isa = PBXFileReference; lastKnownFileType = sourcecode.swift; path = ViewController.swift; sourceTree = "<group>"; };
		75A0C8FA2026FB35002BF704 /* Base */ = {isa = PBXFileReference; lastKnownFileType = file.storyboard; name = Base; path = Base.lproj/Main.storyboard; sourceTree = "<group>"; };
		75A0C8FD2026FB35002BF704 /* PokeGym.xcdatamodel */ = {isa = PBXFileReference; lastKnownFileType = wrapper.xcdatamodel; path = PokeGym.xcdatamodel; sourceTree = "<group>"; };
		75A0C8FF2026FB35002BF704 /* Assets.xcassets */ = {isa = PBXFileReference; lastKnownFileType = folder.assetcatalog; path = Assets.xcassets; sourceTree = "<group>"; };
		75A0C9022026FB35002BF704 /* Base */ = {isa = PBXFileReference; lastKnownFileType = file.storyboard; name = Base; path = Base.lproj/LaunchScreen.storyboard; sourceTree = "<group>"; };
		75A0C9042026FB35002BF704 /* Info.plist */ = {isa = PBXFileReference; lastKnownFileType = text.plist.xml; path = Info.plist; sourceTree = "<group>"; };
/* End PBXFileReference section */

/* Begin PBXFrameworksBuildPhase section */
		75A0C8EF2026FB34002BF704 /* Frameworks */ = {
			isa = PBXFrameworksBuildPhase;
			buildActionMask = 2147483647;
			files = (
			);
			runOnlyForDeploymentPostprocessing = 0;
		};
/* End PBXFrameworksBuildPhase section */

/* Begin PBXGroup section */
		75A0C8E92026FB34002BF704 = {
			isa = PBXGroup;
			children = (
				75A0C8F42026FB34002BF704 /* PokeGym */,
				75A0C8F32026FB34002BF704 /* Products */,
			);
			sourceTree = "<group>";
		};
		75A0C8F32026FB34002BF704 /* Products */ = {
			isa = PBXGroup;
			children = (
				75A0C8F22026FB34002BF704 /* PokeGym.app */,
			);
			name = Products;
			sourceTree = "<group>";
		};
		75A0C8F42026FB34002BF704 /* PokeGym */ = {
			isa = PBXGroup;
			children = (
				75A0C8F52026FB35002BF704 /* AppDelegate.swift */,
				75A0C8F72026FB35002BF704 /* ViewController.swift */,
				75A0C8F92026FB35002BF704 /* Main.storyboard */,
				75A0C8FF2026FB35002BF704 /* Assets.xcassets */,
				75A0C9012026FB35002BF704 /* LaunchScreen.storyboard */,
				75A0C9042026FB35002BF704 /* Info.plist */,
				75A0C8FC2026FB35002BF704 /* PokeGym.xcdatamodeld */,
			);
			path = PokeGym;
			sourceTree = "<group>";
		};
/* End PBXGroup section */

/* Begin PBXNativeTarget section */
		75A0C8F12026FB34002BF704 /* PokeGym */ = {
			isa = PBXNativeTarget;
			buildConfigurationList = 75A0C9072026FB35002BF704 /* Build configuration list for PBXNativeTarget "PokeGym" */;
			buildPhases = (
				75A0C8EE2026FB34002BF704 /* Sources */,
				75A0C8EF2026FB34002BF704 /* Frameworks */,
				75A0C8F02026FB34002BF704 /* Resources */,
			);
			buildRules = (
			);
			dependencies = (
			);
			name = PokeGym;
			productName = PokeGym;
			productReference = 75A0C8F22026FB34002BF704 /* PokeGym.app */;
			productType = "com.apple.product-type.application";
		};
/* End PBXNativeTarget section */

/* Begin PBXProject section */
		75A0C8EA2026FB34002BF704 /* Project object */ = {
			isa = PBXProject;
			attributes = {
				LastSwiftUpdateCheck = 0920;
				LastUpgradeCheck = 0920;
				ORGANIZATIONNAME = thundercatchris;
				TargetAttributes = {
					75A0C8F12026FB34002BF704 = {
						CreatedOnToolsVersion = 9.2;
						ProvisioningStyle = Automatic;
					};
				};
			};
			buildConfigurationList = 75A0C8ED2026FB34002BF704 /* Build configuration list for PBXProject "PokeGym" */;
			compatibilityVersion = "Xcode 8.0";
			developmentRegion = en;
			hasScannedForEncodings = 0;
			knownRegions = (
				en,
				Base,
			);
			mainGroup = 75A0C8E92026FB34002BF704;
			productRefGroup = 75A0C8F32026FB34002BF704 /* Products */;
			projectDirPath = "";
			projectRoot = "";
			targets = (
				75A0C8F12026FB34002BF704 /* PokeGym */,
			);
		};
/* End PBXProject section */

/* Begin PBXResourcesBuildPhase section */
		75A0C8F02026FB34002BF704 /* Resources */ = {
			isa = PBXResourcesBuildPhase;
			buildActionMask = 2147483647;
			files = (
				75A0C9032026FB35002BF704 /* LaunchScreen.storyboard in Resources */,
				75A0C9002026FB35002BF704 /* Assets.xcassets in Resources */,
				75A0C8FB2026FB35002BF704 /* Main.storyboard in Resources */,
			);
			runOnlyForDeploymentPostprocessing = 0;
		};
/* End PBXResourcesBuildPhase section */

/* Begin PBXSourcesBuildPhase section */
		75A0C8EE2026FB34002BF704 /* Sources */ = {
			isa = PBXSourcesBuildPhase;
			buildActionMask = 2147483647;
			files = (
				75A0C8F82026FB35002BF704 /* ViewController.swift in Sources */,
				75A0C8FE2026FB35002BF704 /* PokeGym.xcdatamodeld in Sources */,
				75A0C8F62026FB35002BF704 /* AppDelegate.swift in Sources */,
			);
			runOnlyForDeploymentPostprocessing = 0;
		};
/* End PBXSourcesBuildPhase section */

/* Begin PBXVariantGroup section */
		75A0C8F92026FB35002BF704 /* Main.storyboard */ = {
			isa = PBXVariantGroup;
			children = (
				75A0C8FA2026FB35002BF704 /* Base */,
			);
			name = Main.storyboard;
			sourceTree = "<group>";
		};
		75A0C9012026FB35002BF704 /* LaunchScreen.storyboard */ = {
			isa = PBXVariantGroup;
			children = (
				75A0C9022026FB35002BF704 /* Base */,
			);
			name = LaunchScreen.storyboard;
			sourceTree = "<group>";
		};
/* End PBXVariantGroup section */

/* Begin XCBuildConfiguration section */
		75A0C9052026FB35002BF704 /* Debug */ = {
			isa = XCBuildConfiguration;
			buildSettings = {
				ALWAYS_SEARCH_USER_PATHS = NO;
				CLANG_ANALYZER_NONNULL = YES;
				CLANG_ANALYZER_NUMBER_OBJECT_CONVERSION = YES_AGGRESSIVE;
				CLANG_CXX_LANGUAGE_STANDARD = "gnu++14";
				CLANG_CXX_LIBRARY = "libc++";
				CLANG_ENABLE_MODULES = YES;
				CLANG_ENABLE_OBJC_ARC = YES;
				CLANG_WARN_BLOCK_CAPTURE_AUTORELEASING = YES;
				CLANG_WARN_BOOL_CONVERSION = YES;
				CLANG_WARN_COMMA = YES;
				CLANG_WARN_CONSTANT_CONVERSION = YES;
				CLANG_WARN_DIRECT_OBJC_ISA_USAGE = YES_ERROR;
				CLANG_WARN_DOCUMENTATION_COMMENTS = YES;
				CLANG_WARN_EMPTY_BODY = YES;
				CLANG_WARN_ENUM_CONVERSION = YES;
				CLANG_WARN_INFINITE_RECURSION = YES;
				CLANG_WARN_INT_CONVERSION = YES;
				CLANG_WARN_NON_LITERAL_NULL_CONVERSION = YES;
				CLANG_WARN_OBJC_LITERAL_CONVERSION = YES;
				CLANG_WARN_OBJC_ROOT_CLASS = YES_ERROR;
				CLANG_WARN_RANGE_LOOP_ANALYSIS = YES;
				CLANG_WARN_STRICT_PROTOTYPES = YES;
				CLANG_WARN_SUSPICIOUS_MOVE = YES;
				CLANG_WARN_UNGUARDED_AVAILABILITY = YES_AGGRESSIVE;
				CLANG_WARN_UNREACHABLE_CODE = YES;
				CLANG_WARN__DUPLICATE_METHOD_MATCH = YES;
				CODE_SIGN_IDENTITY = "iPhone Developer";
				COPY_PHASE_STRIP = NO;
				DEBUG_INFORMATION_FORMAT = dwarf;
				ENABLE_STRICT_OBJC_MSGSEND = YES;
				ENABLE_TESTABILITY = YES;
				GCC_C_LANGUAGE_STANDARD = gnu11;
				GCC_DYNAMIC_NO_PIC = NO;
				GCC_NO_COMMON_BLOCKS = YES;
				GCC_OPTIMIZATION_LEVEL = 0;
				GCC_PREPROCESSOR_DEFINITIONS = (
					"DEBUG=1",
					"$(inherited)",
				);
				GCC_WARN_64_TO_32_BIT_CONVERSION = YES;
				GCC_WARN_ABOUT_RETURN_TYPE = YES_ERROR;
				GCC_WARN_UNDECLARED_SELECTOR = YES;
				GCC_WARN_UNINITIALIZED_AUTOS = YES_AGGRESSIVE;
				GCC_WARN_UNUSED_FUNCTION = YES;
				GCC_WARN_UNUSED_VARIABLE = YES;
				IPHONEOS_DEPLOYMENT_TARGET = 11.2;
				MTL_ENABLE_DEBUG_INFO = YES;
				ONLY_ACTIVE_ARCH = YES;
				SDKROOT = iphoneos;
				SWIFT_ACTIVE_COMPILATION_CONDITIONS = DEBUG;
				SWIFT_OPTIMIZATION_LEVEL = "-Onone";
			};
			name = Debug;
		};
		75A0C9062026FB35002BF704 /* Release */ = {
			isa = XCBuildConfiguration;
			buildSettings = {
				ALWAYS_SEARCH_USER_PATHS = NO;
				CLANG_ANALYZER_NONNULL = YES;
				CLANG_ANALYZER_NUMBER_OBJECT_CONVERSION = YES_AGGRESSIVE;
				CLANG_CXX_LANGUAGE_STANDARD = "gnu++14";
				CLANG_CXX_LIBRARY = "libc++";
				CLANG_ENABLE_MODULES = YES;
				CLANG_ENABLE_OBJC_ARC = YES;
				CLANG_WARN_BLOCK_CAPTURE_AUTORELEASING = YES;
				CLANG_WARN_BOOL_CONVERSION = YES;
				CLANG_WARN_COMMA = YES;
				CLANG_WARN_CONSTANT_CONVERSION = YES;
				CLANG_WARN_DIRECT_OBJC_ISA_USAGE = YES_ERROR;
				CLANG_WARN_DOCUMENTATION_COMMENTS = YES;
				CLANG_WARN_EMPTY_BODY = YES;
				CLANG_WARN_ENUM_CONVERSION = YES;
				CLANG_WARN_INFINITE_RECURSION = YES;
				CLANG_WARN_INT_CONVERSION = YES;
				CLANG_WARN_NON_LITERAL_NULL_CONVERSION = YES;
				CLANG_WARN_OBJC_LITERAL_CONVERSION = YES;
				CLANG_WARN_OBJC_ROOT_CLASS = YES_ERROR;
				CLANG_WARN_RANGE_LOOP_ANALYSIS = YES;
				CLANG_WARN_STRICT_PROTOTYPES = YES;
				CLANG_WARN_SUSPICIOUS_MOVE = YES;
				CLANG_WARN_UNGUARDED_AVAILABILITY = YES_AGGRESSIVE;
				CLANG_WARN_UNREACHABLE_CODE = YES;
				CLANG_WARN__DUPLICATE_METHOD_MATCH = YES;
				CODE_SIGN_IDENTITY = "iPhone Developer";
				COPY_PHASE_STRIP = NO;
				DEBUG_INFORMATION_FORMAT = "dwarf-with-dsym";
				ENABLE_NS_ASSERTIONS = NO;
				ENABLE_STRICT_OBJC_MSGSEND = YES;
				GCC_C_LANGUAGE_STANDARD = gnu11;
				GCC_NO_COMMON_BLOCKS = YES;
				GCC_WARN_64_TO_32_BIT_CONVERSION = YES;
				GCC_WARN_ABOUT_RETURN_TYPE = YES_ERROR;
				GCC_WARN_UNDECLARED_SELECTOR = YES;
				GCC_WARN_UNINITIALIZED_AUTOS = YES_AGGRESSIVE;
				GCC_WARN_UNUSED_FUNCTION = YES;
				GCC_WARN_UNUSED_VARIABLE = YES;
				IPHONEOS_DEPLOYMENT_TARGET = 11.2;
				MTL_ENABLE_DEBUG_INFO = NO;
				SDKROOT = iphoneos;
				SWIFT_OPTIMIZATION_LEVEL = "-Owholemodule";
				VALIDATE_PRODUCT = YES;
			};
			name = Release;
		};
		75A0C9082026FB35002BF704 /* Debug */ = {
			isa = XCBuildConfiguration;
			buildSettings = {
				ASSETCATALOG_COMPILER_APPICON_NAME = AppIcon;
				CODE_SIGN_STYLE = Automatic;
				DEVELOPMENT_TEAM = 42Q2S3PLMS;
				INFOPLIST_FILE = PokeGym/Info.plist;
				LD_RUNPATH_SEARCH_PATHS = "$(inherited) @executable_path/Frameworks";
				PRODUCT_BUNDLE_IDENTIFIER = com.thundercatchris.PokeGym;
				PRODUCT_NAME = "$(TARGET_NAME)";
				SWIFT_VERSION = 4.0;
				TARGETED_DEVICE_FAMILY = "1,2";
			};
			name = Debug;
		};
		75A0C9092026FB35002BF704 /* Release */ = {
			isa = XCBuildConfiguration;
			buildSettings = {
				ASSETCATALOG_COMPILER_APPICON_NAME = AppIcon;
				CODE_SIGN_STYLE = Automatic;
				DEVELOPMENT_TEAM = 42Q2S3PLMS;
				INFOPLIST_FILE = PokeGym/Info.plist;
				LD_RUNPATH_SEARCH_PATHS = "$(inherited) @executable_path/Frameworks";
				PRODUCT_BUNDLE_IDENTIFIER = com.thundercatchris.PokeGym;
				PRODUCT_NAME = "$(TARGET_NAME)";
				SWIFT_VERSION = 4.0;
				TARGETED_DEVICE_FAMILY = "1,2";
			};
			name = Release;
		};
/* End XCBuildConfiguration section */

/* Begin XCConfigurationList section */
		75A0C8ED2026FB34002BF704 /* Build configuration list for PBXProject "PokeGym" */ = {
			isa = XCConfigurationList;
			buildConfigurations = (
				75A0C9052026FB35002BF704 /* Debug */,
				75A0C9062026FB35002BF704 /* Release */,
			);
			defaultConfigurationIsVisible = 0;
			defaultConfigurationName = Release;
		};
		75A0C9072026FB35002BF704 /* Build configuration list for PBXNativeTarget "PokeGym" */ = {
			isa = XCConfigurationList;
			buildConfigurations = (
				75A0C9082026FB35002BF704 /* Debug */,
				75A0C9092026FB35002BF704 /* Release */,
			);
			defaultConfigurationIsVisible = 0;
			defaultConfigurationName = Release;
		};
/* End XCConfigurationList section */

/* Begin XCVersionGroup section */
		75A0C8FC2026FB35002BF704 /* PokeGym.xcdatamodeld */ = {
			isa = XCVersionGroup;
			children = (
				75A0C8FD2026FB35002BF704 /* PokeGym.xcdatamodel */,
			);
			currentVersion = 75A0C8FD2026FB35002BF704 /* PokeGym.xcdatamodel */;
			path = PokeGym.xcdatamodeld;
			sourceTree = "<group>";
			versionGroupType = wrapper.xcdatamodel;
		};
/* End XCVersionGroup section */
	};
	rootObject = 75A0C8EA2026FB34002BF704 /* Project object */;
}
